
Microsoft Visual Studio Solution File, Format Version 12.00
# Visual Studio 2012
Project("{FAE04EC0-301F-11D3-BF4B-00C04F79EFBC}") = "Gwent2", "Gwent2.csproj", "{24602079-6801-46A0-B5AD-E8BCB9D6CB17}"
EndProject
Global
	GlobalSection(SolutionConfigurationPlatforms) = preSolution
		Debug|Any CPU = Debug|Any CPU
		Release|Any CPU = Release|Any CPU
	EndGlobalSection
	GlobalSection(ProjectConfigurationPlatforms) = postSolution
		{24602079-6801-46A0-B5AD-E8BCB9D6CB17}.Debug|Any CPU.ActiveCfg = Debug|Any CPU
		{24602079-6801-46A0-B5AD-E8BCB9D6CB17}.Debug|Any CPU.Build.0 = Debug|Any CPU
		{24602079-6801-46A0-B5AD-E8BCB9D6CB17}.Release|Any CPU.ActiveCfg = Release|Any CPU
		{24602079-6801-46A0-B5AD-E8BCB9D6CB17}.Release|Any CPU.Build.0 = Release|Any CPU
	EndGlobalSection
	GlobalSection(SolutionProperties) = preSolution
		HideSolutionNode = FALSE
	EndGlobalSection
EndGlobal
